
Microsoft Visual Studio Solution File, Format Version 12.00
# Visual Studio Version 16
VisualStudioVersion = 16.0.30406.217
MinimumVisualStudioVersion = 10.0.40219.1
Project("{FAE04EC0-301F-11D3-BF4B-00C04F79EFBC}") = "WeatherAppCore", "WeatherAppCore\WeatherAppCore.csproj", "{F145E502-4BA2-4250-851F-3DDB53CCCCC1}"
EndProject
Global
	GlobalSection(SolutionConfigurationPlatforms) = preSolution
		Debug|Any CPU = Debug|Any CPU
		Release|Any CPU = Release|Any CPU
	EndGlobalSection
	GlobalSection(ProjectConfigurationPlatforms) = postSolution
		{F145E502-4BA2-4250-851F-3DDB53CCCCC1}.Debug|Any CPU.ActiveCfg = Debug|Any CPU
		{F145E502-4BA2-4250-851F-3DDB53CCCCC1}.Debug|Any CPU.Build.0 = Debug|Any CPU
		{F145E502-4BA2-4250-851F-3DDB53CCCCC1}.Release|Any CPU.ActiveCfg = Release|Any CPU
		{F145E502-4BA2-4250-851F-3DDB53CCCCC1}.Release|Any CPU.Build.0 = Release|Any CPU
	EndGlobalSection
	GlobalSection(SolutionProperties) = preSolution
		HideSolutionNode = FALSE
	EndGlobalSection
	GlobalSection(ExtensibilityGlobals) = postSolution
		SolutionGuid = {919EDE8D-FECB-4F03-8C55-4916A8EC6BA1}
	EndGlobalSection
EndGlobal
